lockfileVersion: '9.0'

settings:
  autoInstallPeers: true
  excludeLinksFromLockfile: false

importers:

  .:
    dependencies:
      hono:
        specifier: ^4.12.1
        version: 4.12.1

packages:

  hono@4.12.1:
    resolution: {integrity: sha512-hi9afu8g0lfJVLolxElAZGANCTTl6bewIdsRNhaywfP9K8BPf++F2z6OLrYGIinUwpRKzbZHMhPwvc0ZEpAwGw==}
    engines: {node: '>=16.9.0'}

snapshots:

  hono@4.12.1: {}
